
Microsoft Visual Studio Solution File, Format Version 12.00
# Visual Studio Version 18
VisualStudioVersion = 18.6.11819.183
MinimumVisualStudioVersion = 10.0.40219.1
Project("{2150E333-8FDC-42A3-9474-1A3956D46DE8}") = "src", "src", "{827E0CD3-B72D-47B6-A68D-7590B98EB39B}"
EndProject
Project("{FAE04EC0-301F-11D3-BF4B-00C04F79EFBC}") = "SereinFlow.Domain", "src\SereinFlow.Domain\SereinFlow.Domain.csproj", "{6BE661F9-3296-49D1-AC5D-3D0EAEF02E45}"
	ProjectSection(ProjectDependencies) = postProject
		{32919E28-4166-441C-A34B-CF00DA1F29BB} = {32919E28-4166-441C-A34B-CF00DA1F29BB}
		{B77C7960-7457-4DAE-9CAF-260D9B6B9A5B} = {B77C7960-7457-4DAE-9CAF-260D9B6B9A5B}
	EndProjectSection
EndProject
Project("{FAE04EC0-301F-11D3-BF4B-00C04F79EFBC}") = "SereinFlow.Contracts", "src\SereinFlow.Contracts\SereinFlow.Contracts.csproj", "{2826BADC-3A25-4644-AD1E-C742A65285FF}"
EndProject
Project("{FAE04EC0-301F-11D3-BF4B-00C04F79EFBC}") = "SereinFlow.Runtime.Abstractions", "src\SereinFlow.Runtime.Abstractions\SereinFlow.Runtime.Abstractions.csproj", "{11829C10-FD55-4895-80FF-38E66FA9E038}"
EndProject
Project("{FAE04EC0-301F-11D3-BF4B-00C04F79EFBC}") = "SereinFlow.Application", "src\SereinFlow.Application\SereinFlow.Application.csproj", "{8623F7A3-07A6-4195-AE52-779E1A9C3A1F}"
EndProject
Project("{FAE04EC0-301F-11D3-BF4B-00C04F79EFBC}") = "SereinFlow.Infrastructure", "src\SereinFlow.Infrastructure\SereinFlow.Infrastructure.csproj", "{02708D8A-3AE1-435F-9744-34B154D22732}"
EndProject
Project("{FAE04EC0-301F-11D3-BF4B-00C04F79EFBC}") = "SereinFlow.Runtime", "src\SereinFlow.Runtime\SereinFlow.Runtime.csproj", "{B5EE9D42-6C46-4AE4-BDAC-44F1D611DDA8}"
EndProject
Project("{FAE04EC0-301F-11D3-BF4B-00C04F79EFBC}") = "SereinFlow.ScriptAdapter", "src\SereinFlow.ScriptAdapter\SereinFlow.ScriptAdapter.csproj", "{86829F6F-356B-4BB9-B1E5-745812EE304D}"
EndProject
Project("{FAE04EC0-301F-11D3-BF4B-00C04F79EFBC}") = "SereinFlow.ScriptModules", "src\SereinFlow.ScriptModules\SereinFlow.ScriptModules.csproj", "{2F06AF8C-981A-460E-9D71-9D5202B5B39F}"
EndProject
Project("{FAE04EC0-301F-11D3-BF4B-00C04F79EFBC}") = "SereinFlow.Worker.Protocol", "src\SereinFlow.Worker.Protocol\SereinFlow.Worker.Protocol.csproj", "{F435A075-470C-47D3-A00A-BE1531498786}"
EndProject
Project("{FAE04EC0-301F-11D3-BF4B-00C04F79EFBC}") = "SereinFlow.Worker.Client", "src\SereinFlow.Worker.Client\SereinFlow.Worker.Client.csproj", "{F802BF99-CDC9-44D9-8F8B-B29D40632F03}"
EndProject
Project("{FAE04EC0-301F-11D3-BF4B-00C04F79EFBC}") = "SereinFlow.Worker.Supervisor", "src\SereinFlow.Worker.Supervisor\SereinFlow.Worker.Supervisor.csproj", "{68720F21-5F0D-45B3-B192-37BAF331F657}"
EndProject
Project("{FAE04EC0-301F-11D3-BF4B-00C04F79EFBC}") = "SereinFlow.Worker.Runner", "src\SereinFlow.Worker.Runner\SereinFlow.Worker.Runner.csproj", "{A79521AA-67E0-4EB9-92B9-4311E379AE0E}"
EndProject
Project("{FAE04EC0-301F-11D3-BF4B-00C04F79EFBC}") = "SereinFlow.Api", "src\SereinFlow.Api\SereinFlow.Api.csproj", "{109E4C36-DCD3-4C72-BB8C-32A23D8A9507}"
	ProjectSection(ProjectDependencies) = postProject
		{B77C7960-7457-4DAE-9CAF-260D9B6B9A5B} = {B77C7960-7457-4DAE-9CAF-260D9B6B9A5B}
	EndProjectSection
EndProject
Project("{2150E333-8FDC-42A3-9474-1A3956D46DE8}") = "tests", "tests", "{0AB3BF05-4346-4AA6-1389-037BE0695223}"
EndProject
Project("{FAE04EC0-301F-11D3-BF4B-00C04F79EFBC}") = "SereinFlow.Domain.Tests", "tests\SereinFlow.Domain.Tests\SereinFlow.Domain.Tests.csproj", "{F3DA32EE-BAA0-407F-BFA3-1B515118F52C}"
EndProject
Project("{FAE04EC0-301F-11D3-BF4B-00C04F79EFBC}") = "SereinFlow.Application.Tests", "tests\SereinFlow.Application.Tests\SereinFlow.Application.Tests.csproj", "{5D2F13F8-D62C-4065-AB9B-C58288C38964}"
EndProject
Project("{FAE04EC0-301F-11D3-BF4B-00C04F79EFBC}") = "SereinFlow.Infrastructure.Tests", "tests\SereinFlow.Infrastructure.Tests\SereinFlow.Infrastructure.Tests.csproj", "{2F4212EF-D676-488D-B5FB-85993B969B47}"
EndProject
Project("{FAE04EC0-301F-11D3-BF4B-00C04F79EFBC}") = "SereinFlow.Runtime.Tests", "tests\SereinFlow.Runtime.Tests\SereinFlow.Runtime.Tests.csproj", "{BF55D353-C6DB-49D3-8F31-B22716C10B06}"
EndProject
Project("{FAE04EC0-301F-11D3-BF4B-00C04F79EFBC}") = "SereinFlow.ScriptAdapter.Tests", "tests\SereinFlow.ScriptAdapter.Tests\SereinFlow.ScriptAdapter.Tests.csproj", "{DCC7F2F7-91CE-42C6-B020-AF14F6427039}"
EndProject
Project("{FAE04EC0-301F-11D3-BF4B-00C04F79EFBC}") = "SereinFlow.Worker.IntegrationTests", "tests\SereinFlow.Worker.IntegrationTests\SereinFlow.Worker.IntegrationTests.csproj", "{C440BE09-1B06-4730-8D92-924D7B33311E}"
EndProject
Project("{FAE04EC0-301F-11D3-BF4B-00C04F79EFBC}") = "SereinFlow.Api.IntegrationTests", "tests\SereinFlow.Api.IntegrationTests\SereinFlow.Api.IntegrationTests.csproj", "{89351B44-C1B8-4072-9328-E54C1F9E94B9}"
EndProject
Project("{FAE04EC0-301F-11D3-BF4B-00C04F79EFBC}") = "SereinFlow.ArchitectureTests", "tests\SereinFlow.ArchitectureTests\SereinFlow.ArchitectureTests.csproj", "{F8FBBE60-7033-4043-9BAC-D1E87DA92D71}"
EndProject
Project("{FAE04EC0-301F-11D3-BF4B-00C04F79EFBC}") = "SereinFlow.TestLibrary", "tests\SereinFlow.TestLibrary\SereinFlow.TestLibrary.csproj", "{04D280B8-12CC-4BB4-8857-A86033767DDF}"
EndProject
Project("{2150E333-8FDC-42A3-9474-1A3956D46DE8}") = "ThirdParty", "ThirdParty", "{4FF576D6-A636-5E44-C28B-D3D72D2C829A}"
EndProject
Project("{2150E333-8FDC-42A3-9474-1A3956D46DE8}") = "SereinScript", "SereinScript", "{35926B53-341E-1124-996F-A0C01D12301D}"
EndProject
Project("{FAE04EC0-301F-11D3-BF4B-00C04F79EFBC}") = "ScriptLang", "src\ThirdParty\SereinScript\ScriptLang\ScriptLang.csproj", "{B77C7960-7457-4DAE-9CAF-260D9B6B9A5B}"
EndProject
Project("{FAE04EC0-301F-11D3-BF4B-00C04F79EFBC}") = "ScriptLang.Generator", "src\ThirdParty\SereinScript\ScriptLang.Generator\ScriptLang.Generator.csproj", "{32919E28-4166-441C-A34B-CF00DA1F29BB}"
EndProject
Project("{FAE04EC0-301F-11D3-BF4B-00C04F79EFBC}") = "SereinFlow.Library", "src\SereinFlow.Library\SereinFlow.Library.csproj", "{064E4754-B590-4219-8944-93E7DC5183CB}"
EndProject
Project("{FAE04EC0-301F-11D3-BF4B-00C04F79EFBC}") = "SereinFlow.OpenCvLibrary", "src\SereinFlow.OpenCvLibrary\SereinFlow.OpenCvLibrary.csproj", "{A61F4C90-7A28-4A08-B847-B6B7E2B5DF41}"
EndProject
Project("{FAE04EC0-301F-11D3-BF4B-00C04F79EFBC}") = "SereinFlow.Mcp", "src\SereinFlow.Mcp\SereinFlow.Mcp.csproj", "{22D050E6-81E6-4F82-9F38-3F3BFF409B0B}"
EndProject
Project("{FAE04EC0-301F-11D3-BF4B-00C04F79EFBC}") = "SereinFlow.Mcp.Tests", "tests\SereinFlow.Mcp.Tests\SereinFlow.Mcp.Tests.csproj", "{B7CF7B9C-E404-4B5B-BC24-127D48E67E6F}"
EndProject
Project("{FAE04EC0-301F-11D3-BF4B-00C04F79EFBC}") = "ScriptLangTest", "src\ThirdParty\SereinScript\ScriptLangTest\ScriptLangTest.csproj", "{C2F1644F-FC16-4626-B4DB-B27816A672FE}"
EndProject
Project("{FAE04EC0-301F-11D3-BF4B-00C04F79EFBC}") = "SereinFlow.SDK", "src\SereinFlow.SDK\SereinFlow.SDK.csproj", "{110241FD-9AFF-47E8-97D3-09F264516B50}"
EndProject
Project("{FAE04EC0-301F-11D3-BF4B-00C04F79EFBC}") = "SereinFlow.SDK.DependencyInjection", "src\SereinFlow.SDK.DependencyInjection\SereinFlow.SDK.DependencyInjection.csproj", "{1A822C06-105B-48DA-BFFA-2F2217607310}"
EndProject
Project("{FAE04EC0-301F-11D3-BF4B-00C04F79EFBC}") = "SereinFlow.SDK.Tests", "tests\SereinFlow.SDK.Tests\SereinFlow.SDK.Tests.csproj", "{2E716B3C-D349-4514-AB6F-FFB52E7508B5}"
EndProject
Project("{2150E333-8FDC-42A3-9474-1A3956D46DE8}") = "samples", "samples", "{5D20AA90-6969-D8BD-9DCD-8634F4692FDA}"
EndProject
Project("{FAE04EC0-301F-11D3-BF4B-00C04F79EFBC}") = "SereinFlow.Client.Basic", "samples\SereinFlow.Client.Basic\SereinFlow.Client.Basic.csproj", "{6D1608B6-8024-454E-A4B2-D9522B8BA15E}"
EndProject
Project("{FAE04EC0-301F-11D3-BF4B-00C04F79EFBC}") = "SereinFlow.Client.AspNetCore", "samples\SereinFlow.Client.AspNetCore\SereinFlow.Client.AspNetCore.csproj", "{004CDDDC-DA02-41CF-8435-D00081B2A10A}"
EndProject
Global
	GlobalSection(SolutionConfigurationPlatforms) = preSolution
		Debug|Any CPU = Debug|Any CPU
		Debug|x64 = Debug|x64
		Debug|x86 = Debug|x86
		Release|Any CPU = Release|Any CPU
		Release|x64 = Release|x64
		Release|x86 = Release|x86
	EndGlobalSection
	GlobalSection(ProjectConfigurationPlatforms) = postSolution
		{6BE661F9-3296-49D1-AC5D-3D0EAEF02E45}.Debug|Any CPU.ActiveCfg = Debug|Any CPU
		{6BE661F9-3296-49D1-AC5D-3D0EAEF02E45}.Debug|Any CPU.Build.0 = Debug|Any CPU
		{6BE661F9-3296-49D1-AC5D-3D0EAEF02E45}.Debug|x64.ActiveCfg = Debug|Any CPU
		{6BE661F9-3296-49D1-AC5D-3D0EAEF02E45}.Debug|x64.Build.0 = Debug|Any CPU
		{6BE661F9-3296-49D1-AC5D-3D0EAEF02E45}.Debug|x86.ActiveCfg = Debug|Any CPU
		{6BE661F9-3296-49D1-AC5D-3D0EAEF02E45}.Debug|x86.Build.0 = Debug|Any CPU
		{6BE661F9-3296-49D1-AC5D-3D0EAEF02E45}.Release|Any CPU.ActiveCfg = Release|Any CPU
		{6BE661F9-3296-49D1-AC5D-3D0EAEF02E45}.Release|Any CPU.Build.0 = Release|Any CPU
		{6BE661F9-3296-49D1-AC5D-3D0EAEF02E45}.Release|x64.ActiveCfg = Release|Any CPU
		{6BE661F9-3296-49D1-AC5D-3D0EAEF02E45}.Release|x64.Build.0 = Release|Any CPU
		{6BE661F9-3296-49D1-AC5D-3D0EAEF02E45}.Release|x86.ActiveCfg = Release|Any CPU
		{6BE661F9-3296-49D1-AC5D-3D0EAEF02E45}.Release|x86.Build.0 = Release|Any CPU
		{2826BADC-3A25-4644-AD1E-C742A65285FF}.Debug|Any CPU.ActiveCfg = Debug|Any CPU
		{2826BADC-3A25-4644-AD1E-C742A65285FF}.Debug|Any CPU.Build.0 = Debug|Any CPU
		{2826BADC-3A25-4644-AD1E-C742A65285FF}.Debug|x64.ActiveCfg = Debug|Any CPU
		{2826BADC-3A25-4644-AD1E-C742A65285FF}.Debug|x64.Build.0 = Debug|Any CPU
		{2826BADC-3A25-4644-AD1E-C742A65285FF}.Debug|x86.ActiveCfg = Debug|Any CPU
		{2826BADC-3A25-4644-AD1E-C742A65285FF}.Debug|x86.Build.0 = Debug|Any CPU
		{2826BADC-3A25-4644-AD1E-C742A65285FF}.Release|Any CPU.ActiveCfg = Release|Any CPU
		{2826BADC-3A25-4644-AD1E-C742A65285FF}.Release|Any CPU.Build.0 = Release|Any CPU
		{2826BADC-3A25-4644-AD1E-C742A65285FF}.Release|x64.ActiveCfg = Release|Any CPU
		{2826BADC-3A25-4644-AD1E-C742A65285FF}.Release|x64.Build.0 = Release|Any CPU
		{2826BADC-3A25-4644-AD1E-C742A65285FF}.Release|x86.ActiveCfg = Release|Any CPU
		{2826BADC-3A25-4644-AD1E-C742A65285FF}.Release|x86.Build.0 = Release|Any CPU
		{11829C10-FD55-4895-80FF-38E66FA9E038}.Debug|Any CPU.ActiveCfg = Debug|Any CPU
		{11829C10-FD55-4895-80FF-38E66FA9E038}.Debug|Any CPU.Build.0 = Debug|Any CPU
		{11829C10-FD55-4895-80FF-38E66FA9E038}.Debug|x64.ActiveCfg = Debug|Any CPU
		{11829C10-FD55-4895-80FF-38E66FA9E038}.Debug|x64.Build.0 = Debug|Any CPU
		{11829C10-FD55-4895-80FF-38E66FA9E038}.Debug|x86.ActiveCfg = Debug|Any CPU
		{11829C10-FD55-4895-80FF-38E66FA9E038}.Debug|x86.Build.0 = Debug|Any CPU
		{11829C10-FD55-4895-80FF-38E66FA9E038}.Release|Any CPU.ActiveCfg = Release|Any CPU
		{11829C10-FD55-4895-80FF-38E66FA9E038}.Release|Any CPU.Build.0 = Release|Any CPU
		{11829C10-FD55-4895-80FF-38E66FA9E038}.Release|x64.ActiveCfg = Release|Any CPU
		{11829C10-FD55-4895-80FF-38E66FA9E038}.Release|x64.Build.0 = Release|Any CPU
		{11829C10-FD55-4895-80FF-38E66FA9E038}.Release|x86.ActiveCfg = Release|Any CPU
		{11829C10-FD55-4895-80FF-38E66FA9E038}.Release|x86.Build.0 = Release|Any CPU
		{8623F7A3-07A6-4195-AE52-779E1A9C3A1F}.Debug|Any CPU.ActiveCfg = Debug|Any CPU
		{8623F7A3-07A6-4195-AE52-779E1A9C3A1F}.Debug|Any CPU.Build.0 = Debug|Any CPU
		{8623F7A3-07A6-4195-AE52-779E1A9C3A1F}.Debug|x64.ActiveCfg = Debug|Any CPU
		{8623F7A3-07A6-4195-AE52-779E1A9C3A1F}.Debug|x64.Build.0 = Debug|Any CPU
		{8623F7A3-07A6-4195-AE52-779E1A9C3A1F}.Debug|x86.ActiveCfg = Debug|Any CPU
		{8623F7A3-07A6-4195-AE52-779E1A9C3A1F}.Debug|x86.Build.0 = Debug|Any CPU
		{8623F7A3-07A6-4195-AE52-779E1A9C3A1F}.Release|Any CPU.ActiveCfg = Release|Any CPU
		{8623F7A3-07A6-4195-AE52-779E1A9C3A1F}.Release|Any CPU.Build.0 = Release|Any CPU
		{8623F7A3-07A6-4195-AE52-779E1A9C3A1F}.Release|x64.ActiveCfg = Release|Any CPU
		{8623F7A3-07A6-4195-AE52-779E1A9C3A1F}.Release|x64.Build.0 = Release|Any CPU
		{8623F7A3-07A6-4195-AE52-779E1A9C3A1F}.Release|x86.ActiveCfg = Release|Any CPU
		{8623F7A3-07A6-4195-AE52-779E1A9C3A1F}.Release|x86.Build.0 = Release|Any CPU
		{02708D8A-3AE1-435F-9744-34B154D22732}.Debug|Any CPU.ActiveCfg = Debug|Any CPU
		{02708D8A-3AE1-435F-9744-34B154D22732}.Debug|Any CPU.Build.0 = Debug|Any CPU
		{02708D8A-3AE1-435F-9744-34B154D22732}.Debug|x64.ActiveCfg = Debug|Any CPU
		{02708D8A-3AE1-435F-9744-34B154D22732}.Debug|x64.Build.0 = Debug|Any CPU
		{02708D8A-3AE1-435F-9744-34B154D22732}.Debug|x86.ActiveCfg = Debug|Any CPU
		{02708D8A-3AE1-435F-9744-34B154D22732}.Debug|x86.Build.0 = Debug|Any CPU
		{02708D8A-3AE1-435F-9744-34B154D22732}.Release|Any CPU.ActiveCfg = Release|Any CPU
		{02708D8A-3AE1-435F-9744-34B154D22732}.Release|Any CPU.Build.0 = Release|Any CPU
		{02708D8A-3AE1-435F-9744-34B154D22732}.Release|x64.ActiveCfg = Release|Any CPU
		{02708D8A-3AE1-435F-9744-34B154D22732}.Release|x64.Build.0 = Release|Any CPU
		{02708D8A-3AE1-435F-9744-34B154D22732}.Release|x86.ActiveCfg = Release|Any CPU
		{02708D8A-3AE1-435F-9744-34B154D22732}.Release|x86.Build.0 = Release|Any CPU
		{B5EE9D42-6C46-4AE4-BDAC-44F1D611DDA8}.Debug|Any CPU.ActiveCfg = Debug|Any CPU
		{B5EE9D42-6C46-4AE4-BDAC-44F1D611DDA8}.Debug|Any CPU.Build.0 = Debug|Any CPU
		{B5EE9D42-6C46-4AE4-BDAC-44F1D611DDA8}.Debug|x64.ActiveCfg = Debug|Any CPU
		{B5EE9D42-6C46-4AE4-BDAC-44F1D611DDA8}.Debug|x64.Build.0 = Debug|Any CPU
		{B5EE9D42-6C46-4AE4-BDAC-44F1D611DDA8}.Debug|x86.ActiveCfg = Debug|Any CPU
		{B5EE9D42-6C46-4AE4-BDAC-44F1D611DDA8}.Debug|x86.Build.0 = Debug|Any CPU
		{B5EE9D42-6C46-4AE4-BDAC-44F1D611DDA8}.Release|Any CPU.ActiveCfg = Release|Any CPU
		{B5EE9D42-6C46-4AE4-BDAC-44F1D611DDA8}.Release|Any CPU.Build.0 = Release|Any CPU
		{B5EE9D42-6C46-4AE4-BDAC-44F1D611DDA8}.Release|x64.ActiveCfg = Release|Any CPU
		{B5EE9D42-6C46-4AE4-BDAC-44F1D611DDA8}.Release|x64.Build.0 = Release|Any CPU
		{B5EE9D42-6C46-4AE4-BDAC-44F1D611DDA8}.Release|x86.ActiveCfg = Release|Any CPU
		{B5EE9D42-6C46-4AE4-BDAC-44F1D611DDA8}.Release|x86.Build.0 = Release|Any CPU
		{86829F6F-356B-4BB9-B1E5-745812EE304D}.Debug|Any CPU.ActiveCfg = Debug|Any CPU
		{86829F6F-356B-4BB9-B1E5-745812EE304D}.Debug|Any CPU.Build.0 = Debug|Any CPU
		{86829F6F-356B-4BB9-B1E5-745812EE304D}.Debug|x64.ActiveCfg = Debug|Any CPU
		{86829F6F-356B-4BB9-B1E5-745812EE304D}.Debug|x64.Build.0 = Debug|Any CPU
		{86829F6F-356B-4BB9-B1E5-745812EE304D}.Debug|x86.ActiveCfg = Debug|Any CPU
		{86829F6F-356B-4BB9-B1E5-745812EE304D}.Debug|x86.Build.0 = Debug|Any CPU
		{86829F6F-356B-4BB9-B1E5-745812EE304D}.Release|Any CPU.ActiveCfg = Release|Any CPU
		{86829F6F-356B-4BB9-B1E5-745812EE304D}.Release|Any CPU.Build.0 = Release|Any CPU
		{86829F6F-356B-4BB9-B1E5-745812EE304D}.Release|x64.ActiveCfg = Release|Any CPU
		{86829F6F-356B-4BB9-B1E5-745812EE304D}.Release|x64.Build.0 = Release|Any CPU
		{86829F6F-356B-4BB9-B1E5-745812EE304D}.Release|x86.ActiveCfg = Release|Any CPU
		{86829F6F-356B-4BB9-B1E5-745812EE304D}.Release|x86.Build.0 = Release|Any CPU
		{2F06AF8C-981A-460E-9D71-9D5202B5B39F}.Debug|Any CPU.ActiveCfg = Debug|Any CPU
		{2F06AF8C-981A-460E-9D71-9D5202B5B39F}.Debug|Any CPU.Build.0 = Debug|Any CPU
		{2F06AF8C-981A-460E-9D71-9D5202B5B39F}.Debug|x64.ActiveCfg = Debug|Any CPU
		{2F06AF8C-981A-460E-9D71-9D5202B5B39F}.Debug|x64.Build.0 = Debug|Any CPU
		{2F06AF8C-981A-460E-9D71-9D5202B5B39F}.Debug|x86.ActiveCfg = Debug|Any CPU
		{2F06AF8C-981A-460E-9D71-9D5202B5B39F}.Debug|x86.Build.0 = Debug|Any CPU
		{2F06AF8C-981A-460E-9D71-9D5202B5B39F}.Release|Any CPU.ActiveCfg = Release|Any CPU
		{2F06AF8C-981A-460E-9D71-9D5202B5B39F}.Release|Any CPU.Build.0 = Release|Any CPU
		{2F06AF8C-981A-460E-9D71-9D5202B5B39F}.Release|x64.ActiveCfg = Release|Any CPU
		{2F06AF8C-981A-460E-9D71-9D5202B5B39F}.Release|x64.Build.0 = Release|Any CPU
		{2F06AF8C-981A-460E-9D71-9D5202B5B39F}.Release|x86.ActiveCfg = Release|Any CPU
		{2F06AF8C-981A-460E-9D71-9D5202B5B39F}.Release|x86.Build.0 = Release|Any CPU
		{F435A075-470C-47D3-A00A-BE1531498786}.Debug|Any CPU.ActiveCfg = Debug|Any CPU
		{F435A075-470C-47D3-A00A-BE1531498786}.Debug|Any CPU.Build.0 = Debug|Any CPU
		{F435A075-470C-47D3-A00A-BE1531498786}.Debug|x64.ActiveCfg = Debug|Any CPU
		{F435A075-470C-47D3-A00A-BE1531498786}.Debug|x64.Build.0 = Debug|Any CPU
		{F435A075-470C-47D3-A00A-BE1531498786}.Debug|x86.ActiveCfg = Debug|Any CPU
		{F435A075-470C-47D3-A00A-BE1531498786}.Debug|x86.Build.0 = Debug|Any CPU
		{F435A075-470C-47D3-A00A-BE1531498786}.Release|Any CPU.ActiveCfg = Release|Any CPU
		{F435A075-470C-47D3-A00A-BE1531498786}.Release|Any CPU.Build.0 = Release|Any CPU
		{F435A075-470C-47D3-A00A-BE1531498786}.Release|x64.ActiveCfg = Release|Any CPU
		{F435A075-470C-47D3-A00A-BE1531498786}.Release|x64.Build.0 = Release|Any CPU
		{F435A075-470C-47D3-A00A-BE1531498786}.Release|x86.ActiveCfg = Release|Any CPU
		{F435A075-470C-47D3-A00A-BE1531498786}.Release|x86.Build.0 = Release|Any CPU
		{F802BF99-CDC9-44D9-8F8B-B29D40632F03}.Debug|Any CPU.ActiveCfg = Debug|Any CPU
		{F802BF99-CDC9-44D9-8F8B-B29D40632F03}.Debug|Any CPU.Build.0 = Debug|Any CPU
		{F802BF99-CDC9-44D9-8F8B-B29D40632F03}.Debug|x64.ActiveCfg = Debug|Any CPU
		{F802BF99-CDC9-44D9-8F8B-B29D40632F03}.Debug|x64.Build.0 = Debug|Any CPU
		{F802BF99-CDC9-44D9-8F8B-B29D40632F03}.Debug|x86.ActiveCfg = Debug|Any CPU
		{F802BF99-CDC9-44D9-8F8B-B29D40632F03}.Debug|x86.Build.0 = Debug|Any CPU
		{F802BF99-CDC9-44D9-8F8B-B29D40632F03}.Release|Any CPU.ActiveCfg = Release|Any CPU
		{F802BF99-CDC9-44D9-8F8B-B29D40632F03}.Release|Any CPU.Build.0 = Release|Any CPU
		{F802BF99-CDC9-44D9-8F8B-B29D40632F03}.Release|x64.ActiveCfg = Release|Any CPU
		{F802BF99-CDC9-44D9-8F8B-B29D40632F03}.Release|x64.Build.0 = Release|Any CPU
		{F802BF99-CDC9-44D9-8F8B-B29D40632F03}.Release|x86.ActiveCfg = Release|Any CPU
		{F802BF99-CDC9-44D9-8F8B-B29D40632F03}.Release|x86.Build.0 = Release|Any CPU
		{68720F21-5F0D-45B3-B192-37BAF331F657}.Debug|Any CPU.ActiveCfg = Debug|Any CPU
		{68720F21-5F0D-45B3-B192-37BAF331F657}.Debug|Any CPU.Build.0 = Debug|Any CPU
		{68720F21-5F0D-45B3-B192-37BAF331F657}.Debug|x64.ActiveCfg = Debug|Any CPU
		{68720F21-5F0D-45B3-B192-37BAF331F657}.Debug|x64.Build.0 = Debug|Any CPU
		{68720F21-5F0D-45B3-B192-37BAF331F657}.Debug|x86.ActiveCfg = Debug|Any CPU
		{68720F21-5F0D-45B3-B192-37BAF331F657}.Debug|x86.Build.0 = Debug|Any CPU
		{68720F21-5F0D-45B3-B192-37BAF331F657}.Release|Any CPU.ActiveCfg = Release|Any CPU
		{68720F21-5F0D-45B3-B192-37BAF331F657}.Release|Any CPU.Build.0 = Release|Any CPU
		{68720F21-5F0D-45B3-B192-37BAF331F657}.Release|x64.ActiveCfg = Release|Any CPU
		{68720F21-5F0D-45B3-B192-37BAF331F657}.Release|x64.Build.0 = Release|Any CPU
		{68720F21-5F0D-45B3-B192-37BAF331F657}.Release|x86.ActiveCfg = Release|Any CPU
		{68720F21-5F0D-45B3-B192-37BAF331F657}.Release|x86.Build.0 = Release|Any CPU
		{A79521AA-67E0-4EB9-92B9-4311E379AE0E}.Debug|Any CPU.ActiveCfg = Debug|Any CPU
		{A79521AA-67E0-4EB9-92B9-4311E379AE0E}.Debug|Any CPU.Build.0 = Debug|Any CPU
		{A79521AA-67E0-4EB9-92B9-4311E379AE0E}.Debug|x64.ActiveCfg = Debug|Any CPU
		{A79521AA-67E0-4EB9-92B9-4311E379AE0E}.Debug|x64.Build.0 = Debug|Any CPU
		{A79521AA-67E0-4EB9-92B9-4311E379AE0E}.Debug|x86.ActiveCfg = Debug|Any CPU
		{A79521AA-67E0-4EB9-92B9-4311E379AE0E}.Debug|x86.Build.0 = Debug|Any CPU
		{A79521AA-67E0-4EB9-92B9-4311E379AE0E}.Release|Any CPU.ActiveCfg = Release|Any CPU
		{A79521AA-67E0-4EB9-92B9-4311E379AE0E}.Release|Any CPU.Build.0 = Release|Any CPU
		{A79521AA-67E0-4EB9-92B9-4311E379AE0E}.Release|x64.ActiveCfg = Release|Any CPU
		{A79521AA-67E0-4EB9-92B9-4311E379AE0E}.Release|x64.Build.0 = Release|Any CPU
		{A79521AA-67E0-4EB9-92B9-4311E379AE0E}.Release|x86.ActiveCfg = Release|Any CPU
		{A79521AA-67E0-4EB9-92B9-4311E379AE0E}.Release|x86.Build.0 = Release|Any CPU
		{109E4C36-DCD3-4C72-BB8C-32A23D8A9507}.Debug|Any CPU.ActiveCfg = Debug|Any CPU
		{109E4C36-DCD3-4C72-BB8C-32A23D8A9507}.Debug|Any CPU.Build.0 = Debug|Any CPU
		{109E4C36-DCD3-4C72-BB8C-32A23D8A9507}.Debug|x64.ActiveCfg = Debug|Any CPU
		{109E4C36-DCD3-4C72-BB8C-32A23D8A9507}.Debug|x64.Build.0 = Debug|Any CPU
		{109E4C36-DCD3-4C72-BB8C-32A23D8A9507}.Debug|x86.ActiveCfg = Debug|Any CPU
		{109E4C36-DCD3-4C72-BB8C-32A23D8A9507}.Debug|x86.Build.0 = Debug|Any CPU
		{109E4C36-DCD3-4C72-BB8C-32A23D8A9507}.Release|Any CPU.ActiveCfg = Release|Any CPU
		{109E4C36-DCD3-4C72-BB8C-32A23D8A9507}.Release|Any CPU.Build.0 = Release|Any CPU
		{109E4C36-DCD3-4C72-BB8C-32A23D8A9507}.Release|x64.ActiveCfg = Release|Any CPU
		{109E4C36-DCD3-4C72-BB8C-32A23D8A9507}.Release|x64.Build.0 = Release|Any CPU
		{109E4C36-DCD3-4C72-BB8C-32A23D8A9507}.Release|x86.ActiveCfg = Release|Any CPU
		{109E4C36-DCD3-4C72-BB8C-32A23D8A9507}.Release|x86.Build.0 = Release|Any CPU
		{F3DA32EE-BAA0-407F-BFA3-1B515118F52C}.Debug|Any CPU.ActiveCfg = Debug|Any CPU
		{F3DA32EE-BAA0-407F-BFA3-1B515118F52C}.Debug|Any CPU.Build.0 = Debug|Any CPU
		{F3DA32EE-BAA0-407F-BFA3-1B515118F52C}.Debug|x64.ActiveCfg = Debug|Any CPU
		{F3DA32EE-BAA0-407F-BFA3-1B515118F52C}.Debug|x64.Build.0 = Debug|Any CPU
		{F3DA32EE-BAA0-407F-BFA3-1B515118F52C}.Debug|x86.ActiveCfg = Debug|Any CPU
		{F3DA32EE-BAA0-407F-BFA3-1B515118F52C}.Debug|x86.Build.0 = Debug|Any CPU
		{F3DA32EE-BAA0-407F-BFA3-1B515118F52C}.Release|Any CPU.ActiveCfg = Release|Any CPU
		{F3DA32EE-BAA0-407F-BFA3-1B515118F52C}.Release|Any CPU.Build.0 = Release|Any CPU
		{F3DA32EE-BAA0-407F-BFA3-1B515118F52C}.Release|x64.ActiveCfg = Release|Any CPU
		{F3DA32EE-BAA0-407F-BFA3-1B515118F52C}.Release|x64.Build.0 = Release|Any CPU
		{F3DA32EE-BAA0-407F-BFA3-1B515118F52C}.Release|x86.ActiveCfg = Release|Any CPU
		{F3DA32EE-BAA0-407F-BFA3-1B515118F52C}.Release|x86.Build.0 = Release|Any CPU
		{5D2F13F8-D62C-4065-AB9B-C58288C38964}.Debug|Any CPU.ActiveCfg = Debug|Any CPU
		{5D2F13F8-D62C-4065-AB9B-C58288C38964}.Debug|Any CPU.Build.0 = Debug|Any CPU
		{5D2F13F8-D62C-4065-AB9B-C58288C38964}.Debug|x64.ActiveCfg = Debug|Any CPU
		{5D2F13F8-D62C-4065-AB9B-C58288C38964}.Debug|x64.Build.0 = Debug|Any CPU
		{5D2F13F8-D62C-4065-AB9B-C58288C38964}.Debug|x86.ActiveCfg = Debug|Any CPU
		{5D2F13F8-D62C-4065-AB9B-C58288C38964}.Debug|x86.Build.0 = Debug|Any CPU
		{5D2F13F8-D62C-4065-AB9B-C58288C38964}.Release|Any CPU.ActiveCfg = Release|Any CPU
		{5D2F13F8-D62C-4065-AB9B-C58288C38964}.Release|Any CPU.Build.0 = Release|Any CPU
		{5D2F13F8-D62C-4065-AB9B-C58288C38964}.Release|x64.ActiveCfg = Release|Any CPU
		{5D2F13F8-D62C-4065-AB9B-C58288C38964}.Release|x64.Build.0 = Release|Any CPU
		{5D2F13F8-D62C-4065-AB9B-C58288C38964}.Release|x86.ActiveCfg = Release|Any CPU
		{5D2F13F8-D62C-4065-AB9B-C58288C38964}.Release|x86.Build.0 = Release|Any CPU
		{2F4212EF-D676-488D-B5FB-85993B969B47}.Debug|Any CPU.ActiveCfg = Debug|Any CPU
		{2F4212EF-D676-488D-B5FB-85993B969B47}.Debug|Any CPU.Build.0 = Debug|Any CPU
		{2F4212EF-D676-488D-B5FB-85993B969B47}.Debug|x64.ActiveCfg = Debug|Any CPU
		{2F4212EF-D676-488D-B5FB-85993B969B47}.Debug|x64.Build.0 = Debug|Any CPU
		{2F4212EF-D676-488D-B5FB-85993B969B47}.Debug|x86.ActiveCfg = Debug|Any CPU
		{2F4212EF-D676-488D-B5FB-85993B969B47}.Debug|x86.Build.0 = Debug|Any CPU
		{2F4212EF-D676-488D-B5FB-85993B969B47}.Release|Any CPU.ActiveCfg = Release|Any CPU
		{2F4212EF-D676-488D-B5FB-85993B969B47}.Release|Any CPU.Build.0 = Release|Any CPU
		{2F4212EF-D676-488D-B5FB-85993B969B47}.Release|x64.ActiveCfg = Release|Any CPU
		{2F4212EF-D676-488D-B5FB-85993B969B47}.Release|x64.Build.0 = Release|Any CPU
		{2F4212EF-D676-488D-B5FB-85993B969B47}.Release|x86.ActiveCfg = Release|Any CPU
		{2F4212EF-D676-488D-B5FB-85993B969B47}.Release|x86.Build.0 = Release|Any CPU
		{BF55D353-C6DB-49D3-8F31-B22716C10B06}.Debug|Any CPU.ActiveCfg = Debug|Any CPU
		{BF55D353-C6DB-49D3-8F31-B22716C10B06}.Debug|Any CPU.Build.0 = Debug|Any CPU
		{BF55D353-C6DB-49D3-8F31-B22716C10B06}.Debug|x64.ActiveCfg = Debug|Any CPU
		{BF55D353-C6DB-49D3-8F31-B22716C10B06}.Debug|x64.Build.0 = Debug|Any CPU
		{BF55D353-C6DB-49D3-8F31-B22716C10B06}.Debug|x86.ActiveCfg = Debug|Any CPU
		{BF55D353-C6DB-49D3-8F31-B22716C10B06}.Debug|x86.Build.0 = Debug|Any CPU
		{BF55D353-C6DB-49D3-8F31-B22716C10B06}.Release|Any CPU.ActiveCfg = Release|Any CPU
		{BF55D353-C6DB-49D3-8F31-B22716C10B06}.Release|Any CPU.Build.0 = Release|Any CPU
		{BF55D353-C6DB-49D3-8F31-B22716C10B06}.Release|x64.ActiveCfg = Release|Any CPU
		{BF55D353-C6DB-49D3-8F31-B22716C10B06}.Release|x64.Build.0 = Release|Any CPU
		{BF55D353-C6DB-49D3-8F31-B22716C10B06}.Release|x86.ActiveCfg = Release|Any CPU
		{BF55D353-C6DB-49D3-8F31-B22716C10B06}.Release|x86.Build.0 = Release|Any CPU
		{DCC7F2F7-91CE-42C6-B020-AF14F6427039}.Debug|Any CPU.ActiveCfg = Debug|Any CPU
		{DCC7F2F7-91CE-42C6-B020-AF14F6427039}.Debug|Any CPU.Build.0 = Debug|Any CPU
		{DCC7F2F7-91CE-42C6-B020-AF14F6427039}.Debug|x64.ActiveCfg = Debug|Any CPU
		{DCC7F2F7-91CE-42C6-B020-AF14F6427039}.Debug|x64.Build.0 = Debug|Any CPU
		{DCC7F2F7-91CE-42C6-B020-AF14F6427039}.Debug|x86.ActiveCfg = Debug|Any CPU
		{DCC7F2F7-91CE-42C6-B020-AF14F6427039}.Debug|x86.Build.0 = Debug|Any CPU
		{DCC7F2F7-91CE-42C6-B020-AF14F6427039}.Release|Any CPU.ActiveCfg = Release|Any CPU
		{DCC7F2F7-91CE-42C6-B020-AF14F6427039}.Release|Any CPU.Build.0 = Release|Any CPU
		{DCC7F2F7-91CE-42C6-B020-AF14F6427039}.Release|x64.ActiveCfg = Release|Any CPU
		{DCC7F2F7-91CE-42C6-B020-AF14F6427039}.Release|x64.Build.0 = Release|Any CPU
		{DCC7F2F7-91CE-42C6-B020-AF14F6427039}.Release|x86.ActiveCfg = Release|Any CPU
		{DCC7F2F7-91CE-42C6-B020-AF14F6427039}.Release|x86.Build.0 = Release|Any CPU
		{C440BE09-1B06-4730-8D92-924D7B33311E}.Debug|Any CPU.ActiveCfg = Debug|Any CPU
		{C440BE09-1B06-4730-8D92-924D7B33311E}.Debug|Any CPU.Build.0 = Debug|Any CPU
		{C440BE09-1B06-4730-8D92-924D7B33311E}.Debug|x64.ActiveCfg = Debug|Any CPU
		{C440BE09-1B06-4730-8D92-924D7B33311E}.Debug|x64.Build.0 = Debug|Any CPU
		{C440BE09-1B06-4730-8D92-924D7B33311E}.Debug|x86.ActiveCfg = Debug|Any CPU
		{C440BE09-1B06-4730-8D92-924D7B33311E}.Debug|x86.Build.0 = Debug|Any CPU
		{C440BE09-1B06-4730-8D92-924D7B33311E}.Release|Any CPU.ActiveCfg = Release|Any CPU
		{C440BE09-1B06-4730-8D92-924D7B33311E}.Release|Any CPU.Build.0 = Release|Any CPU
		{C440BE09-1B06-4730-8D92-924D7B33311E}.Release|x64.ActiveCfg = Release|Any CPU
		{C440BE09-1B06-4730-8D92-924D7B33311E}.Release|x64.Build.0 = Release|Any CPU
		{C440BE09-1B06-4730-8D92-924D7B33311E}.Release|x86.ActiveCfg = Release|Any CPU
		{C440BE09-1B06-4730-8D92-924D7B33311E}.Release|x86.Build.0 = Release|Any CPU
		{89351B44-C1B8-4072-9328-E54C1F9E94B9}.Debug|Any CPU.ActiveCfg = Debug|Any CPU
		{89351B44-C1B8-4072-9328-E54C1F9E94B9}.Debug|Any CPU.Build.0 = Debug|Any CPU
		{89351B44-C1B8-4072-9328-E54C1F9E94B9}.Debug|x64.ActiveCfg = Debug|Any CPU
		{89351B44-C1B8-4072-9328-E54C1F9E94B9}.Debug|x64.Build.0 = Debug|Any CPU
		{89351B44-C1B8-4072-9328-E54C1F9E94B9}.Debug|x86.ActiveCfg = Debug|Any CPU
		{89351B44-C1B8-4072-9328-E54C1F9E94B9}.Debug|x86.Build.0 = Debug|Any CPU
		{89351B44-C1B8-4072-9328-E54C1F9E94B9}.Release|Any CPU.ActiveCfg = Release|Any CPU
		{89351B44-C1B8-4072-9328-E54C1F9E94B9}.Release|Any CPU.Build.0 = Release|Any CPU
		{89351B44-C1B8-4072-9328-E54C1F9E94B9}.Release|x64.ActiveCfg = Release|Any CPU
		{89351B44-C1B8-4072-9328-E54C1F9E94B9}.Release|x64.Build.0 = Release|Any CPU
		{89351B44-C1B8-4072-9328-E54C1F9E94B9}.Release|x86.ActiveCfg = Release|Any CPU
		{89351B44-C1B8-4072-9328-E54C1F9E94B9}.Release|x86.Build.0 = Release|Any CPU
		{F8FBBE60-7033-4043-9BAC-D1E87DA92D71}.Debug|Any CPU.ActiveCfg = Debug|Any CPU
		{F8FBBE60-7033-4043-9BAC-D1E87DA92D71}.Debug|Any CPU.Build.0 = Debug|Any CPU
		{F8FBBE60-7033-4043-9BAC-D1E87DA92D71}.Debug|x64.ActiveCfg = Debug|Any CPU
		{F8FBBE60-7033-4043-9BAC-D1E87DA92D71}.Debug|x64.Build.0 = Debug|Any CPU
		{F8FBBE60-7033-4043-9BAC-D1E87DA92D71}.Debug|x86.ActiveCfg = Debug|Any CPU
		{F8FBBE60-7033-4043-9BAC-D1E87DA92D71}.Debug|x86.Build.0 = Debug|Any CPU
		{F8FBBE60-7033-4043-9BAC-D1E87DA92D71}.Release|Any CPU.ActiveCfg = Release|Any CPU
		{F8FBBE60-7033-4043-9BAC-D1E87DA92D71}.Release|Any CPU.Build.0 = Release|Any CPU
		{F8FBBE60-7033-4043-9BAC-D1E87DA92D71}.Release|x64.ActiveCfg = Release|Any CPU
		{F8FBBE60-7033-4043-9BAC-D1E87DA92D71}.Release|x64.Build.0 = Release|Any CPU
		{F8FBBE60-7033-4043-9BAC-D1E87DA92D71}.Release|x86.ActiveCfg = Release|Any CPU
		{F8FBBE60-7033-4043-9BAC-D1E87DA92D71}.Release|x86.Build.0 = Release|Any CPU
		{04D280B8-12CC-4BB4-8857-A86033767DDF}.Debug|Any CPU.ActiveCfg = Debug|Any CPU
		{04D280B8-12CC-4BB4-8857-A86033767DDF}.Debug|Any CPU.Build.0 = Debug|Any CPU
		{04D280B8-12CC-4BB4-8857-A86033767DDF}.Debug|x64.ActiveCfg = Debug|Any CPU
		{04D280B8-12CC-4BB4-8857-A86033767DDF}.Debug|x64.Build.0 = Debug|Any CPU
		{04D280B8-12CC-4BB4-8857-A86033767DDF}.Debug|x86.ActiveCfg = Debug|Any CPU
		{04D280B8-12CC-4BB4-8857-A86033767DDF}.Debug|x86.Build.0 = Debug|Any CPU
		{04D280B8-12CC-4BB4-8857-A86033767DDF}.Release|Any CPU.ActiveCfg = Release|Any CPU
		{04D280B8-12CC-4BB4-8857-A86033767DDF}.Release|Any CPU.Build.0 = Release|Any CPU
		{04D280B8-12CC-4BB4-8857-A86033767DDF}.Release|x64.ActiveCfg = Release|Any CPU
		{04D280B8-12CC-4BB4-8857-A86033767DDF}.Release|x64.Build.0 = Release|Any CPU
		{04D280B8-12CC-4BB4-8857-A86033767DDF}.Release|x86.ActiveCfg = Release|Any CPU
		{04D280B8-12CC-4BB4-8857-A86033767DDF}.Release|x86.Build.0 = Release|Any CPU
		{B77C7960-7457-4DAE-9CAF-260D9B6B9A5B}.Debug|Any CPU.ActiveCfg = Debug|Any CPU
		{B77C7960-7457-4DAE-9CAF-260D9B6B9A5B}.Debug|Any CPU.Build.0 = Debug|Any CPU
		{B77C7960-7457-4DAE-9CAF-260D9B6B9A5B}.Debug|x64.ActiveCfg = Debug|Any CPU
		{B77C7960-7457-4DAE-9CAF-260D9B6B9A5B}.Debug|x64.Build.0 = Debug|Any CPU
		{B77C7960-7457-4DAE-9CAF-260D9B6B9A5B}.Debug|x86.ActiveCfg = Debug|Any CPU
		{B77C7960-7457-4DAE-9CAF-260D9B6B9A5B}.Debug|x86.Build.0 = Debug|Any CPU
		{B77C7960-7457-4DAE-9CAF-260D9B6B9A5B}.Release|Any CPU.ActiveCfg = Release|Any CPU
		{B77C7960-7457-4DAE-9CAF-260D9B6B9A5B}.Release|Any CPU.Build.0 = Release|Any CPU
		{B77C7960-7457-4DAE-9CAF-260D9B6B9A5B}.Release|x64.ActiveCfg = Release|Any CPU
		{B77C7960-7457-4DAE-9CAF-260D9B6B9A5B}.Release|x64.Build.0 = Release|Any CPU
		{B77C7960-7457-4DAE-9CAF-260D9B6B9A5B}.Release|x86.ActiveCfg = Release|Any CPU
		{B77C7960-7457-4DAE-9CAF-260D9B6B9A5B}.Release|x86.Build.0 = Release|Any CPU
		{32919E28-4166-441C-A34B-CF00DA1F29BB}.Debug|Any CPU.ActiveCfg = Debug|Any CPU
		{32919E28-4166-441C-A34B-CF00DA1F29BB}.Debug|Any CPU.Build.0 = Debug|Any CPU
		{32919E28-4166-441C-A34B-CF00DA1F29BB}.Debug|x64.ActiveCfg = Debug|Any CPU
		{32919E28-4166-441C-A34B-CF00DA1F29BB}.Debug|x64.Build.0 = Debug|Any CPU
		{32919E28-4166-441C-A34B-CF00DA1F29BB}.Debug|x86.ActiveCfg = Debug|Any CPU
		{32919E28-4166-441C-A34B-CF00DA1F29BB}.Debug|x86.Build.0 = Debug|Any CPU
		{32919E28-4166-441C-A34B-CF00DA1F29BB}.Release|Any CPU.ActiveCfg = Release|Any CPU
		{32919E28-4166-441C-A34B-CF00DA1F29BB}.Release|Any CPU.Build.0 = Release|Any CPU
		{32919E28-4166-441C-A34B-CF00DA1F29BB}.Release|x64.ActiveCfg = Release|Any CPU
		{32919E28-4166-441C-A34B-CF00DA1F29BB}.Release|x64.Build.0 = Release|Any CPU
		{32919E28-4166-441C-A34B-CF00DA1F29BB}.Release|x86.ActiveCfg = Release|Any CPU
		{32919E28-4166-441C-A34B-CF00DA1F29BB}.Release|x86.Build.0 = Release|Any CPU
		{064E4754-B590-4219-8944-93E7DC5183CB}.Debug|Any CPU.ActiveCfg = Debug|Any CPU
		{064E4754-B590-4219-8944-93E7DC5183CB}.Debug|Any CPU.Build.0 = Debug|Any CPU
		{064E4754-B590-4219-8944-93E7DC5183CB}.Debug|x64.ActiveCfg = Debug|Any CPU
		{064E4754-B590-4219-8944-93E7DC5183CB}.Debug|x64.Build.0 = Debug|Any CPU
		{064E4754-B590-4219-8944-93E7DC5183CB}.Debug|x86.ActiveCfg = Debug|Any CPU
		{064E4754-B590-4219-8944-93E7DC5183CB}.Debug|x86.Build.0 = Debug|Any CPU
		{064E4754-B590-4219-8944-93E7DC5183CB}.Release|Any CPU.ActiveCfg = Release|Any CPU
		{064E4754-B590-4219-8944-93E7DC5183CB}.Release|Any CPU.Build.0 = Release|Any CPU
		{064E4754-B590-4219-8944-93E7DC5183CB}.Release|x64.ActiveCfg = Release|Any CPU
		{064E4754-B590-4219-8944-93E7DC5183CB}.Release|x64.Build.0 = Release|Any CPU
		{064E4754-B590-4219-8944-93E7DC5183CB}.Release|x86.ActiveCfg = Release|Any CPU
		{064E4754-B590-4219-8944-93E7DC5183CB}.Release|x86.Build.0 = Release|Any CPU
		{A61F4C90-7A28-4A08-B847-B6B7E2B5DF41}.Debug|Any CPU.ActiveCfg = Debug|Any CPU
		{A61F4C90-7A28-4A08-B847-B6B7E2B5DF41}.Debug|Any CPU.Build.0 = Debug|Any CPU
		{A61F4C90-7A28-4A08-B847-B6B7E2B5DF41}.Debug|x64.ActiveCfg = Debug|Any CPU
		{A61F4C90-7A28-4A08-B847-B6B7E2B5DF41}.Debug|x64.Build.0 = Debug|Any CPU
		{A61F4C90-7A28-4A08-B847-B6B7E2B5DF41}.Debug|x86.ActiveCfg = Debug|Any CPU
		{A61F4C90-7A28-4A08-B847-B6B7E2B5DF41}.Debug|x86.Build.0 = Debug|Any CPU
		{A61F4C90-7A28-4A08-B847-B6B7E2B5DF41}.Release|Any CPU.ActiveCfg = Release|Any CPU
		{A61F4C90-7A28-4A08-B847-B6B7E2B5DF41}.Release|Any CPU.Build.0 = Release|Any CPU
		{A61F4C90-7A28-4A08-B847-B6B7E2B5DF41}.Release|x64.ActiveCfg = Release|Any CPU
		{A61F4C90-7A28-4A08-B847-B6B7E2B5DF41}.Release|x64.Build.0 = Release|Any CPU
		{A61F4C90-7A28-4A08-B847-B6B7E2B5DF41}.Release|x86.ActiveCfg = Release|Any CPU
		{A61F4C90-7A28-4A08-B847-B6B7E2B5DF41}.Release|x86.Build.0 = Release|Any CPU
		{22D050E6-81E6-4F82-9F38-3F3BFF409B0B}.Debug|Any CPU.ActiveCfg = Debug|Any CPU
		{22D050E6-81E6-4F82-9F38-3F3BFF409B0B}.Debug|Any CPU.Build.0 = Debug|Any CPU
		{22D050E6-81E6-4F82-9F38-3F3BFF409B0B}.Debug|x64.ActiveCfg = Debug|Any CPU
		{22D050E6-81E6-4F82-9F38-3F3BFF409B0B}.Debug|x64.Build.0 = Debug|Any CPU
		{22D050E6-81E6-4F82-9F38-3F3BFF409B0B}.Debug|x86.ActiveCfg = Debug|Any CPU
		{22D050E6-81E6-4F82-9F38-3F3BFF409B0B}.Debug|x86.Build.0 = Debug|Any CPU
		{22D050E6-81E6-4F82-9F38-3F3BFF409B0B}.Release|Any CPU.ActiveCfg = Release|Any CPU
		{22D050E6-81E6-4F82-9F38-3F3BFF409B0B}.Release|Any CPU.Build.0 = Release|Any CPU
		{22D050E6-81E6-4F82-9F38-3F3BFF409B0B}.Release|x64.ActiveCfg = Release|Any CPU
		{22D050E6-81E6-4F82-9F38-3F3BFF409B0B}.Release|x64.Build.0 = Release|Any CPU
		{22D050E6-81E6-4F82-9F38-3F3BFF409B0B}.Release|x86.ActiveCfg = Release|Any CPU
		{22D050E6-81E6-4F82-9F38-3F3BFF409B0B}.Release|x86.Build.0 = Release|Any CPU
		{B7CF7B9C-E404-4B5B-BC24-127D48E67E6F}.Debug|Any CPU.ActiveCfg = Debug|Any CPU
		{B7CF7B9C-E404-4B5B-BC24-127D48E67E6F}.Debug|Any CPU.Build.0 = Debug|Any CPU
		{B7CF7B9C-E404-4B5B-BC24-127D48E67E6F}.Debug|x64.ActiveCfg = Debug|Any CPU
		{B7CF7B9C-E404-4B5B-BC24-127D48E67E6F}.Debug|x64.Build.0 = Debug|Any CPU
		{B7CF7B9C-E404-4B5B-BC24-127D48E67E6F}.Debug|x86.ActiveCfg = Debug|Any CPU
		{B7CF7B9C-E404-4B5B-BC24-127D48E67E6F}.Debug|x86.Build.0 = Debug|Any CPU
		{B7CF7B9C-E404-4B5B-BC24-127D48E67E6F}.Release|Any CPU.ActiveCfg = Release|Any CPU
		{B7CF7B9C-E404-4B5B-BC24-127D48E67E6F}.Release|Any CPU.Build.0 = Release|Any CPU
		{B7CF7B9C-E404-4B5B-BC24-127D48E67E6F}.Release|x64.ActiveCfg = Release|Any CPU
		{B7CF7B9C-E404-4B5B-BC24-127D48E67E6F}.Release|x64.Build.0 = Release|Any CPU
		{B7CF7B9C-E404-4B5B-BC24-127D48E67E6F}.Release|x86.ActiveCfg = Release|Any CPU
		{B7CF7B9C-E404-4B5B-BC24-127D48E67E6F}.Release|x86.Build.0 = Release|Any CPU
		{C2F1644F-FC16-4626-B4DB-B27816A672FE}.Debug|Any CPU.ActiveCfg = Debug|Any CPU
		{C2F1644F-FC16-4626-B4DB-B27816A672FE}.Debug|Any CPU.Build.0 = Debug|Any CPU
		{C2F1644F-FC16-4626-B4DB-B27816A672FE}.Debug|x64.ActiveCfg = Debug|Any CPU
		{C2F1644F-FC16-4626-B4DB-B27816A672FE}.Debug|x64.Build.0 = Debug|Any CPU
		{C2F1644F-FC16-4626-B4DB-B27816A672FE}.Debug|x86.ActiveCfg = Debug|Any CPU
		{C2F1644F-FC16-4626-B4DB-B27816A672FE}.Debug|x86.Build.0 = Debug|Any CPU
		{C2F1644F-FC16-4626-B4DB-B27816A672FE}.Release|Any CPU.ActiveCfg = Release|Any CPU
		{C2F1644F-FC16-4626-B4DB-B27816A672FE}.Release|Any CPU.Build.0 = Release|Any CPU
		{C2F1644F-FC16-4626-B4DB-B27816A672FE}.Release|x64.ActiveCfg = Release|Any CPU
		{C2F1644F-FC16-4626-B4DB-B27816A672FE}.Release|x64.Build.0 = Release|Any CPU
		{C2F1644F-FC16-4626-B4DB-B27816A672FE}.Release|x86.ActiveCfg = Release|Any CPU
		{C2F1644F-FC16-4626-B4DB-B27816A672FE}.Release|x86.Build.0 = Release|Any CPU
		{110241FD-9AFF-47E8-97D3-09F264516B50}.Debug|Any CPU.ActiveCfg = Debug|Any CPU
		{110241FD-9AFF-47E8-97D3-09F264516B50}.Debug|Any CPU.Build.0 = Debug|Any CPU
		{110241FD-9AFF-47E8-97D3-09F264516B50}.Debug|x64.ActiveCfg = Debug|Any CPU
		{110241FD-9AFF-47E8-97D3-09F264516B50}.Debug|x64.Build.0 = Debug|Any CPU
		{110241FD-9AFF-47E8-97D3-09F264516B50}.Debug|x86.ActiveCfg = Debug|Any CPU
		{110241FD-9AFF-47E8-97D3-09F264516B50}.Debug|x86.Build.0 = Debug|Any CPU
		{110241FD-9AFF-47E8-97D3-09F264516B50}.Release|Any CPU.ActiveCfg = Release|Any CPU
		{110241FD-9AFF-47E8-97D3-09F264516B50}.Release|Any CPU.Build.0 = Release|Any CPU
		{110241FD-9AFF-47E8-97D3-09F264516B50}.Release|x64.ActiveCfg = Release|Any CPU
		{110241FD-9AFF-47E8-97D3-09F264516B50}.Release|x64.Build.0 = Release|Any CPU
		{110241FD-9AFF-47E8-97D3-09F264516B50}.Release|x86.ActiveCfg = Release|Any CPU
		{110241FD-9AFF-47E8-97D3-09F264516B50}.Release|x86.Build.0 = Release|Any CPU
		{1A822C06-105B-48DA-BFFA-2F2217607310}.Debug|Any CPU.ActiveCfg = Debug|Any CPU
		{1A822C06-105B-48DA-BFFA-2F2217607310}.Debug|Any CPU.Build.0 = Debug|Any CPU
		{1A822C06-105B-48DA-BFFA-2F2217607310}.Debug|x64.ActiveCfg = Debug|Any CPU
		{1A822C06-105B-48DA-BFFA-2F2217607310}.Debug|x64.Build.0 = Debug|Any CPU
		{1A822C06-105B-48DA-BFFA-2F2217607310}.Debug|x86.ActiveCfg = Debug|Any CPU
		{1A822C06-105B-48DA-BFFA-2F2217607310}.Debug|x86.Build.0 = Debug|Any CPU
		{1A822C06-105B-48DA-BFFA-2F2217607310}.Release|Any CPU.ActiveCfg = Release|Any CPU
		{1A822C06-105B-48DA-BFFA-2F2217607310}.Release|Any CPU.Build.0 = Release|Any CPU
		{1A822C06-105B-48DA-BFFA-2F2217607310}.Release|x64.ActiveCfg = Release|Any CPU
		{1A822C06-105B-48DA-BFFA-2F2217607310}.Release|x64.Build.0 = Release|Any CPU
		{1A822C06-105B-48DA-BFFA-2F2217607310}.Release|x86.ActiveCfg = Release|Any CPU
		{1A822C06-105B-48DA-BFFA-2F2217607310}.Release|x86.Build.0 = Release|Any CPU
		{2E716B3C-D349-4514-AB6F-FFB52E7508B5}.Debug|Any CPU.ActiveCfg = Debug|Any CPU
		{2E716B3C-D349-4514-AB6F-FFB52E7508B5}.Debug|Any CPU.Build.0 = Debug|Any CPU
		{2E716B3C-D349-4514-AB6F-FFB52E7508B5}.Debug|x64.ActiveCfg = Debug|Any CPU
		{2E716B3C-D349-4514-AB6F-FFB52E7508B5}.Debug|x64.Build.0 = Debug|Any CPU
		{2E716B3C-D349-4514-AB6F-FFB52E7508B5}.Debug|x86.ActiveCfg = Debug|Any CPU
		{2E716B3C-D349-4514-AB6F-FFB52E7508B5}.Debug|x86.Build.0 = Debug|Any CPU
		{2E716B3C-D349-4514-AB6F-FFB52E7508B5}.Release|Any CPU.ActiveCfg = Release|Any CPU
		{2E716B3C-D349-4514-AB6F-FFB52E7508B5}.Release|Any CPU.Build.0 = Release|Any CPU
		{2E716B3C-D349-4514-AB6F-FFB52E7508B5}.Release|x64.ActiveCfg = Release|Any CPU
		{2E716B3C-D349-4514-AB6F-FFB52E7508B5}.Release|x64.Build.0 = Release|Any CPU
		{2E716B3C-D349-4514-AB6F-FFB52E7508B5}.Release|x86.ActiveCfg = Release|Any CPU
		{2E716B3C-D349-4514-AB6F-FFB52E7508B5}.Release|x86.Build.0 = Release|Any CPU
		{6D1608B6-8024-454E-A4B2-D9522B8BA15E}.Debug|Any CPU.ActiveCfg = Debug|Any CPU
		{6D1608B6-8024-454E-A4B2-D9522B8BA15E}.Debug|Any CPU.Build.0 = Debug|Any CPU
		{6D1608B6-8024-454E-A4B2-D9522B8BA15E}.Debug|x64.ActiveCfg = Debug|Any CPU
		{6D1608B6-8024-454E-A4B2-D9522B8BA15E}.Debug|x64.Build.0 = Debug|Any CPU
		{6D1608B6-8024-454E-A4B2-D9522B8BA15E}.Debug|x86.ActiveCfg = Debug|Any CPU
		{6D1608B6-8024-454E-A4B2-D9522B8BA15E}.Debug|x86.Build.0 = Debug|Any CPU
		{6D1608B6-8024-454E-A4B2-D9522B8BA15E}.Release|Any CPU.ActiveCfg = Release|Any CPU
		{6D1608B6-8024-454E-A4B2-D9522B8BA15E}.Release|Any CPU.Build.0 = Release|Any CPU
		{6D1608B6-8024-454E-A4B2-D9522B8BA15E}.Release|x64.ActiveCfg = Release|Any CPU
		{6D1608B6-8024-454E-A4B2-D9522B8BA15E}.Release|x64.Build.0 = Release|Any CPU
		{6D1608B6-8024-454E-A4B2-D9522B8BA15E}.Release|x86.ActiveCfg = Release|Any CPU
		{6D1608B6-8024-454E-A4B2-D9522B8BA15E}.Release|x86.Build.0 = Release|Any CPU
		{004CDDDC-DA02-41CF-8435-D00081B2A10A}.Debug|Any CPU.ActiveCfg = Debug|Any CPU
		{004CDDDC-DA02-41CF-8435-D00081B2A10A}.Debug|Any CPU.Build.0 = Debug|Any CPU
		{004CDDDC-DA02-41CF-8435-D00081B2A10A}.Debug|x64.ActiveCfg = Debug|Any CPU
		{004CDDDC-DA02-41CF-8435-D00081B2A10A}.Debug|x64.Build.0 = Debug|Any CPU
		{004CDDDC-DA02-41CF-8435-D00081B2A10A}.Debug|x86.ActiveCfg = Debug|Any CPU
		{004CDDDC-DA02-41CF-8435-D00081B2A10A}.Debug|x86.Build.0 = Debug|Any CPU
		{004CDDDC-DA02-41CF-8435-D00081B2A10A}.Release|Any CPU.ActiveCfg = Release|Any CPU
		{004CDDDC-DA02-41CF-8435-D00081B2A10A}.Release|Any CPU.Build.0 = Release|Any CPU
		{004CDDDC-DA02-41CF-8435-D00081B2A10A}.Release|x64.ActiveCfg = Release|Any CPU
		{004CDDDC-DA02-41CF-8435-D00081B2A10A}.Release|x64.Build.0 = Release|Any CPU
		{004CDDDC-DA02-41CF-8435-D00081B2A10A}.Release|x86.ActiveCfg = Release|Any CPU
		{004CDDDC-DA02-41CF-8435-D00081B2A10A}.Release|x86.Build.0 = Release|Any CPU
	EndGlobalSection
	GlobalSection(SolutionProperties) = preSolution
		HideSolutionNode = FALSE
	EndGlobalSection
	GlobalSection(NestedProjects) = preSolution
		{6BE661F9-3296-49D1-AC5D-3D0EAEF02E45} = {827E0CD3-B72D-47B6-A68D-7590B98EB39B}
		{2826BADC-3A25-4644-AD1E-C742A65285FF} = {827E0CD3-B72D-47B6-A68D-7590B98EB39B}
		{11829C10-FD55-4895-80FF-38E66FA9E038} = {827E0CD3-B72D-47B6-A68D-7590B98EB39B}
		{8623F7A3-07A6-4195-AE52-779E1A9C3A1F} = {827E0CD3-B72D-47B6-A68D-7590B98EB39B}
		{02708D8A-3AE1-435F-9744-34B154D22732} = {827E0CD3-B72D-47B6-A68D-7590B98EB39B}
		{B5EE9D42-6C46-4AE4-BDAC-44F1D611DDA8} = {827E0CD3-B72D-47B6-A68D-7590B98EB39B}
		{86829F6F-356B-4BB9-B1E5-745812EE304D} = {827E0CD3-B72D-47B6-A68D-7590B98EB39B}
		{2F06AF8C-981A-460E-9D71-9D5202B5B39F} = {827E0CD3-B72D-47B6-A68D-7590B98EB39B}
		{F435A075-470C-47D3-A00A-BE1531498786} = {827E0CD3-B72D-47B6-A68D-7590B98EB39B}
		{F802BF99-CDC9-44D9-8F8B-B29D40632F03} = {827E0CD3-B72D-47B6-A68D-7590B98EB39B}
		{68720F21-5F0D-45B3-B192-37BAF331F657} = {827E0CD3-B72D-47B6-A68D-7590B98EB39B}
		{A79521AA-67E0-4EB9-92B9-4311E379AE0E} = {827E0CD3-B72D-47B6-A68D-7590B98EB39B}
		{109E4C36-DCD3-4C72-BB8C-32A23D8A9507} = {827E0CD3-B72D-47B6-A68D-7590B98EB39B}
		{F3DA32EE-BAA0-407F-BFA3-1B515118F52C} = {0AB3BF05-4346-4AA6-1389-037BE0695223}
		{5D2F13F8-D62C-4065-AB9B-C58288C38964} = {0AB3BF05-4346-4AA6-1389-037BE0695223}
		{2F4212EF-D676-488D-B5FB-85993B969B47} = {0AB3BF05-4346-4AA6-1389-037BE0695223}
		{BF55D353-C6DB-49D3-8F31-B22716C10B06} = {0AB3BF05-4346-4AA6-1389-037BE0695223}
		{DCC7F2F7-91CE-42C6-B020-AF14F6427039} = {0AB3BF05-4346-4AA6-1389-037BE0695223}
		{C440BE09-1B06-4730-8D92-924D7B33311E} = {0AB3BF05-4346-4AA6-1389-037BE0695223}
		{89351B44-C1B8-4072-9328-E54C1F9E94B9} = {0AB3BF05-4346-4AA6-1389-037BE0695223}
		{F8FBBE60-7033-4043-9BAC-D1E87DA92D71} = {0AB3BF05-4346-4AA6-1389-037BE0695223}
		{04D280B8-12CC-4BB4-8857-A86033767DDF} = {0AB3BF05-4346-4AA6-1389-037BE0695223}
		{4FF576D6-A636-5E44-C28B-D3D72D2C829A} = {827E0CD3-B72D-47B6-A68D-7590B98EB39B}
		{35926B53-341E-1124-996F-A0C01D12301D} = {4FF576D6-A636-5E44-C28B-D3D72D2C829A}
		{B77C7960-7457-4DAE-9CAF-260D9B6B9A5B} = {35926B53-341E-1124-996F-A0C01D12301D}
		{32919E28-4166-441C-A34B-CF00DA1F29BB} = {35926B53-341E-1124-996F-A0C01D12301D}
		{064E4754-B590-4219-8944-93E7DC5183CB} = {827E0CD3-B72D-47B6-A68D-7590B98EB39B}
		{A61F4C90-7A28-4A08-B847-B6B7E2B5DF41} = {827E0CD3-B72D-47B6-A68D-7590B98EB39B}
		{22D050E6-81E6-4F82-9F38-3F3BFF409B0B} = {827E0CD3-B72D-47B6-A68D-7590B98EB39B}
		{B7CF7B9C-E404-4B5B-BC24-127D48E67E6F} = {0AB3BF05-4346-4AA6-1389-037BE0695223}
		{C2F1644F-FC16-4626-B4DB-B27816A672FE} = {35926B53-341E-1124-996F-A0C01D12301D}
		{110241FD-9AFF-47E8-97D3-09F264516B50} = {827E0CD3-B72D-47B6-A68D-7590B98EB39B}
		{1A822C06-105B-48DA-BFFA-2F2217607310} = {827E0CD3-B72D-47B6-A68D-7590B98EB39B}
		{2E716B3C-D349-4514-AB6F-FFB52E7508B5} = {0AB3BF05-4346-4AA6-1389-037BE0695223}
		{6D1608B6-8024-454E-A4B2-D9522B8BA15E} = {5D20AA90-6969-D8BD-9DCD-8634F4692FDA}
		{004CDDDC-DA02-41CF-8435-D00081B2A10A} = {5D20AA90-6969-D8BD-9DCD-8634F4692FDA}
	EndGlobalSection
	GlobalSection(ExtensibilityGlobals) = postSolution
		SolutionGuid = {8A326C1D-D9A0-4F92-A5F3-3E60A4968538}
	EndGlobalSection
EndGlobal
