{
  "name": "sereinflow-web",
  "version": "0.0.0",
  "lockfileVersion": 3,
  "requires": true,
  "packages": {
    "": {
      "name": "sereinflow-web",
      "version": "0.0.0",
      "dependencies": {
        "@vue-flow/core": "^1.48.2",
        "lucide-vue-next": "^1.0.0",
        "vue": "^3.5.40"
      },
      "devDependencies": {
        "@types/node": "^24.13.3",
        "@vitejs/plugin-vue": "^6.0.8",
        "@vue/tsconfig": "^0.9.1",
        "typescript": "~6.0.2",
        "vite": "^8.2.0",
        "vue-tsc": "^3.3.8"
      },
      "engines": {
        "node": ">=24.19.0 <25",
        "npm": ">=11.6.2 <12"
      }
    },
    "node_modules/@babel/helper-string-parser": {
      "version": "7.29.7",
      "license": "MIT",
      "engines": {
        "node": ">=6.9.0"
      }
    },
    "node_modules/@babel/helper-validator-identifier": {
      "version": "7.29.7",
      "license": "MIT",
      "engines": {
        "node": ">=6.9.0"
      }
    },
    "node_modules/@babel/parser": {
      "version": "7.29.8",
      "license": "MIT",
      "dependencies": {
        "@babel/types": "^7.29.8"
      },
      "bin": {
        "parser": "bin/babel-parser.js"
      },
      "engines": {
        "node": ">=6.0.0"
      }
    },
    "node_modules/@babel/types": {
      "version": "7.29.8",
      "license": "MIT",
      "dependencies": {
        "@babel/helper-string-parser": "^7.29.7",
        "@babel/helper-validator-identifier": "^7.29.7"
      },
      "engines": {
        "node": ">=6.9.0"
      }
    },
    "node_modules/@jridgewell/sourcemap-codec": {
      "version": "1.5.5",
      "license": "MIT"
    },
    "node_modules/@oxc-project/types": {
      "version": "0.147.0",
      "dev": true,
      "license": "MIT",
      "funding": {
        "url": "https://github.com/sponsors/Boshen"
      }
    },
    "node_modules/@rolldown/binding-win32-x64-msvc": {
      "version": "1.2.6",
      "cpu": [
        "x64"
      ],
      "dev": true,
      "license": "MIT",
      "optional": true,
      "os": [
        "win32"
      ],
      "engines": {
        "node": "^20.19.0 || >=22.12.0"
      }
    },
    "node_modules/@rolldown/pluginutils": {
      "version": "1.0.1",
      "dev": true,
      "license": "MIT"
    },
    "node_modules/@types/node": {
      "version": "24.13.3",
      "dev": true,
      "license": "MIT",
      "dependencies": {
        "undici-types": "~7.18.0"
      }
    },
    "node_modules/@types/web-bluetooth": {
      "version": "0.0.20",
      "license": "MIT"
    },
    "node_modules/@vitejs/plugin-vue": {
      "version": "6.0.8",
      "dev": true,
      "license": "MIT",
      "dependencies": {
        "@rolldown/pluginutils": "^1.0.1"
      },
      "engines": {
        "node": "^20.19.0 || >=22.12.0"
      },
      "peerDependencies": {
        "vite": "^5.0.0 || ^6.0.0 || ^7.0.0 || ^8.0.0",
        "vue": "^3.2.25"
      }
    },
    "node_modules/@volar/language-core": {
      "version": "2.4.28",
      "dev": true,
      "license": "MIT",
      "dependencies": {
        "@volar/source-map": "2.4.28"
      }
    },
    "node_modules/@volar/source-map": {
      "version": "2.4.28",
      "dev": true,
      "license": "MIT"
    },
    "node_modules/@volar/typescript": {
      "version": "2.4.28",
      "dev": true,
      "license": "MIT",
      "dependencies": {
        "@volar/language-core": "2.4.28",
        "path-browserify": "^1.0.1",
        "vscode-uri": "^3.0.8"
      }
    },
    "node_modules/@vue-flow/core": {
      "version": "1.48.2",
      "license": "MIT",
      "dependencies": {
        "@vueuse/core": "^10.5.0",
        "d3-drag": "^3.0.0",
        "d3-interpolate": "^3.0.1",
        "d3-selection": "^3.0.0",
        "d3-zoom": "^3.0.0"
      },
      "peerDependencies": {
        "vue": "^3.3.0"
      }
    },
    "node_modules/@vue/compiler-core": {
      "version": "3.5.41",
      "license": "MIT",
      "dependencies": {
        "@babel/parser": "^7.29.8",
        "@vue/shared": "3.5.41",
        "entities": "^7.0.1",
        "estree-walker": "^2.0.2",
        "source-map-js": "^1.2.1"
      }
    },
    "node_modules/@vue/compiler-dom": {
      "version": "3.5.41",
      "license": "MIT",
      "dependencies": {
        "@vue/compiler-core": "3.5.41",
        "@vue/shared": "3.5.41"
      }
    },
    "node_modules/@vue/compiler-sfc": {
      "version": "3.5.41",
      "license": "MIT",
      "dependencies": {
        "@babel/parser": "^7.29.8",
        "@vue/compiler-core": "3.5.41",
        "@vue/compiler-dom": "3.5.41",
        "@vue/compiler-ssr": "3.5.41",
        "@vue/shared": "3.5.41",
        "estree-walker": "^2.0.2",
        "magic-string": "^0.30.21",
        "postcss": "^8.5.19",
        "source-map-js": "^1.2.1"
      }
    },
    "node_modules/@vue/compiler-ssr": {
      "version": "3.5.41",
      "license": "MIT",
      "dependencies": {
        "@vue/compiler-dom": "3.5.41",
        "@vue/shared": "3.5.41"
      }
    },
    "node_modules/@vue/language-core": {
      "version": "3.3.11",
      "dev": true,
      "license": "MIT",
      "dependencies": {
        "@volar/language-core": "2.4.28",
        "@vue/compiler-dom": "^3.5.0",
        "@vue/shared": "^3.5.0",
        "alien-signals": "^3.2.1",
        "muggle-string": "^0.4.1",
        "path-browserify": "^1.0.1",
        "picomatch": "^4.0.4"
      }
    },
    "node_modules/@vue/reactivity": {
      "version": "3.5.41",
      "license": "MIT",
      "dependencies": {
        "@vue/shared": "3.5.41"
      }
    },
    "node_modules/@vue/runtime-core": {
      "version": "3.5.41",
      "license": "MIT",
      "dependencies": {
        "@vue/reactivity": "3.5.41",
        "@vue/shared": "3.5.41"
      }
    },
    "node_modules/@vue/runtime-dom": {
      "version": "3.5.41",
      "license": "MIT",
      "dependencies": {
        "@vue/reactivity": "3.5.41",
        "@vue/runtime-core": "3.5.41",
        "@vue/shared": "3.5.41",
        "csstype": "^3.2.3"
      }
    },
    "node_modules/@vue/server-renderer": {
      "version": "3.5.41",
      "license": "MIT",
      "dependencies": {
        "@vue/compiler-ssr": "3.5.41",
        "@vue/runtime-dom": "3.5.41",
        "@vue/shared": "3.5.41"
      }
    },
    "node_modules/@vue/shared": {
      "version": "3.5.41",
      "license": "MIT"
    },
    "node_modules/@vue/tsconfig": {
      "version": "0.9.1",
      "dev": true,
      "license": "MIT",
      "peerDependencies": {
        "typescript": ">= 5.8",
        "vue": "^3.4.0"
      },
      "peerDependenciesMeta": {
        "typescript": {
          "optional": true
        },
        "vue": {
          "optional": true
        }
      }
    },
    "node_modules/@vueuse/core": {
      "version": "10.11.1",
      "license": "MIT",
      "dependencies": {
        "@types/web-bluetooth": "^0.0.20",
        "@vueuse/metadata": "10.11.1",
        "@vueuse/shared": "10.11.1",
        "vue-demi": ">=0.14.8"
      },
      "funding": {
        "url": "https://github.com/sponsors/antfu"
      }
    },
    "node_modules/@vueuse/metadata": {
      "version": "10.11.1",
      "license": "MIT",
      "funding": {
        "url": "https://github.com/sponsors/antfu"
      }
    },
    "node_modules/@vueuse/shared": {
      "version": "10.11.1",
      "license": "MIT",
      "dependencies": {
        "vue-demi": ">=0.14.8"
      },
      "funding": {
        "url": "https://github.com/sponsors/antfu"
      }
    },
    "node_modules/alien-signals": {
      "version": "3.2.1",
      "dev": true,
      "license": "MIT"
    },
    "node_modules/csstype": {
      "version": "3.2.3",
      "license": "MIT"
    },
    "node_modules/d3-color": {
      "version": "3.1.0",
      "license": "ISC",
      "engines": {
        "node": ">=12"
      }
    },
    "node_modules/d3-dispatch": {
      "version": "3.0.1",
      "license": "ISC",
      "engines": {
        "node": ">=12"
      }
    },
    "node_modules/d3-drag": {
      "version": "3.0.0",
      "license": "ISC",
      "dependencies": {
        "d3-dispatch": "1 - 3",
        "d3-selection": "3"
      },
      "engines": {
        "node": ">=12"
      }
    },
    "node_modules/d3-ease": {
      "version": "3.0.1",
      "license": "BSD-3-Clause",
      "engines": {
        "node": ">=12"
      }
    },
    "node_modules/d3-interpolate": {
      "version": "3.0.1",
      "license": "ISC",
      "dependencies": {
        "d3-color": "1 - 3"
      },
      "engines": {
        "node": ">=12"
      }
    },
    "node_modules/d3-selection": {
      "version": "3.0.0",
      "license": "ISC",
      "engines": {
        "node": ">=12"
      }
    },
    "node_modules/d3-timer": {
      "version": "3.0.1",
      "license": "ISC",
      "engines": {
        "node": ">=12"
      }
    },
    "node_modules/d3-transition": {
      "version": "3.0.1",
      "license": "ISC",
      "dependencies": {
        "d3-color": "1 - 3",
        "d3-dispatch": "1 - 3",
        "d3-ease": "1 - 3",
        "d3-interpolate": "1 - 3",
        "d3-timer": "1 - 3"
      },
      "engines": {
        "node": ">=12"
      },
      "peerDependencies": {
        "d3-selection": "2 - 3"
      }
    },
    "node_modules/d3-zoom": {
      "version": "3.0.0",
      "license": "ISC",
      "dependencies": {
        "d3-dispatch": "1 - 3",
        "d3-drag": "2 - 3",
        "d3-interpolate": "1 - 3",
        "d3-selection": "2 - 3",
        "d3-transition": "2 - 3"
      },
      "engines": {
        "node": ">=12"
      }
    },
    "node_modules/detect-libc": {
      "version": "2.1.2",
      "dev": true,
      "license": "Apache-2.0",
      "engines": {
        "node": ">=8"
      }
    },
    "node_modules/entities": {
      "version": "7.0.1",
      "license": "BSD-2-Clause",
      "engines": {
        "node": ">=0.12"
      },
      "funding": {
        "url": "https://github.com/fb55/entities?sponsor=1"
      }
    },
    "node_modules/estree-walker": {
      "version": "2.0.2",
      "license": "MIT"
    },
    "node_modules/fdir": {
      "version": "6.5.0",
      "dev": true,
      "license": "MIT",
      "engines": {
        "node": ">=12.0.0"
      },
      "peerDependencies": {
        "picomatch": "^3 || ^4"
      },
      "peerDependenciesMeta": {
        "picomatch": {
          "optional": true
        }
      }
    },
    "node_modules/lightningcss": {
      "version": "1.33.0",
      "dev": true,
      "license": "MPL-2.0",
      "dependencies": {
        "detect-libc": "^2.0.3"
      },
      "engines": {
        "node": ">= 12.0.0"
      },
      "funding": {
        "type": "opencollective",
        "url": "https://opencollective.com/parcel"
      },
      "optionalDependencies": {
        "lightningcss-android-arm64": "1.33.0",
        "lightningcss-darwin-arm64": "1.33.0",
        "lightningcss-darwin-x64": "1.33.0",
        "lightningcss-freebsd-x64": "1.33.0",
        "lightningcss-linux-arm-gnueabihf": "1.33.0",
        "lightningcss-linux-arm64-gnu": "1.33.0",
        "lightningcss-linux-arm64-musl": "1.33.0",
        "lightningcss-linux-x64-gnu": "1.33.0",
        "lightningcss-linux-x64-musl": "1.33.0",
        "lightningcss-win32-arm64-msvc": "1.33.0",
        "lightningcss-win32-x64-msvc": "1.33.0"
      }
    },
    "node_modules/lightningcss-win32-x64-msvc": {
      "version": "1.33.0",
      "cpu": [
        "x64"
      ],
      "dev": true,
      "license": "MPL-2.0",
      "optional": true,
      "os": [
        "win32"
      ],
      "engines": {
        "node": ">= 12.0.0"
      },
      "funding": {
        "type": "opencollective",
        "url": "https://opencollective.com/parcel"
      }
    },
    "node_modules/lucide-vue-next": {
      "version": "1.0.0",
      "license": "ISC",
      "peerDependencies": {
        "vue": ">=3.0.1"
      }
    },
    "node_modules/magic-string": {
      "version": "0.30.21",
      "license": "MIT",
      "dependencies": {
        "@jridgewell/sourcemap-codec": "^1.5.5"
      }
    },
    "node_modules/muggle-string": {
      "version": "0.4.1",
      "dev": true,
      "license": "MIT"
    },
    "node_modules/nanoid": {
      "version": "3.3.18",
      "funding": [
        {
          "type": "github",
          "url": "https://github.com/sponsors/ai"
        }
      ],
      "license": "MIT",
      "bin": {
        "nanoid": "bin/nanoid.cjs"
      },
      "engines": {
        "node": "^10 || ^12 || ^13.7 || ^14 || >=15.0.1"
      }
    },
    "node_modules/path-browserify": {
      "version": "1.0.1",
      "dev": true,
      "license": "MIT"
    },
    "node_modules/picocolors": {
      "version": "1.1.1",
      "license": "ISC"
    },
    "node_modules/picomatch": {
      "version": "4.0.7",
      "dev": true,
      "license": "MIT",
      "engines": {
        "node": ">=12"
      },
      "funding": {
        "url": "https://github.com/sponsors/jonschlinkert"
      }
    },
    "node_modules/postcss": {
      "version": "8.5.26",
      "funding": [
        {
          "type": "opencollective",
          "url": "https://opencollective.com/postcss/"
        },
        {
          "type": "tidelift",
          "url": "https://tidelift.com/funding/github/npm/postcss"
        },
        {
          "type": "github",
          "url": "https://github.com/sponsors/ai"
        }
      ],
      "license": "MIT",
      "dependencies": {
        "nanoid": "^3.3.17",
        "picocolors": "^1.1.1",
        "source-map-js": "^1.2.1"
      },
      "engines": {
        "node": "^10 || ^12 || >=14"
      }
    },
    "node_modules/rolldown": {
      "version": "1.2.6",
      "dev": true,
      "license": "MIT",
      "dependencies": {
        "@oxc-project/types": "=0.147.0",
        "@rolldown/pluginutils": "^1.0.0"
      },
      "bin": {
        "rolldown": "bin/cli.mjs"
      },
      "engines": {
        "node": "^20.19.0 || >=22.12.0"
      },
      "optionalDependencies": {
        "@rolldown/binding-android-arm-eabi": "1.2.6",
        "@rolldown/binding-android-arm64": "1.2.6",
        "@rolldown/binding-darwin-arm64": "1.2.6",
        "@rolldown/binding-darwin-x64": "1.2.6",
        "@rolldown/binding-freebsd-x64": "1.2.6",
        "@rolldown/binding-linux-arm-gnueabihf": "1.2.6",
        "@rolldown/binding-linux-arm64-gnu": "1.2.6",
        "@rolldown/binding-linux-arm64-musl": "1.2.6",
        "@rolldown/binding-linux-ppc64-gnu": "1.2.6",
        "@rolldown/binding-linux-s390x-gnu": "1.2.6",
        "@rolldown/binding-linux-x64-gnu": "1.2.6",
        "@rolldown/binding-linux-x64-musl": "1.2.6",
        "@rolldown/binding-openharmony-arm64": "1.2.6",
        "@rolldown/binding-win32-arm64-msvc": "1.2.6",
        "@rolldown/binding-win32-x64-msvc": "1.2.6"
      }
    },
    "node_modules/source-map-js": {
      "version": "1.2.1",
      "license": "BSD-3-Clause",
      "engines": {
        "node": ">=0.10.0"
      }
    },
    "node_modules/tinyglobby": {
      "version": "0.2.17",
      "dev": true,
      "license": "MIT",
      "dependencies": {
        "fdir": "^6.5.0",
        "picomatch": "^4.0.4"
      },
      "engines": {
        "node": ">=12.0.0"
      },
      "funding": {
        "url": "https://github.com/sponsors/SuperchupuDev"
      }
    },
    "node_modules/typescript": {
      "version": "6.0.3",
      "devOptional": true,
      "license": "Apache-2.0",
      "bin": {
        "tsc": "bin/tsc",
        "tsserver": "bin/tsserver"
      },
      "engines": {
        "node": ">=14.17"
      }
    },
    "node_modules/undici-types": {
      "version": "7.18.2",
      "dev": true,
      "license": "MIT"
    },
    "node_modules/vite": {
      "version": "8.2.2",
      "dev": true,
      "license": "MIT",
      "dependencies": {
        "lightningcss": "^1.33.0",
        "picomatch": "^4.0.5",
        "postcss": "^8.5.26",
        "rolldown": "~1.2.4",
        "tinyglobby": "^0.2.17"
      },
      "bin": {
        "vite": "bin/vite.js"
      },
      "engines": {
        "node": "^20.19.0 || >=22.12.0"
      },
      "funding": {
        "url": "https://github.com/vitejs/vite?sponsor=1"
      },
      "optionalDependencies": {
        "fsevents": "~2.3.3"
      },
      "peerDependencies": {
        "@types/node": "^20.19.0 || >=22.12.0",
        "@vitejs/devtools": "^0.4.0 || ^0.5.0",
        "esbuild": "^0.27.0 || ^0.28.0",
        "jiti": ">=1.21.0",
        "less": "^4.0.0",
        "sass": "^1.70.0",
        "sass-embedded": "^1.70.0",
        "stylus": ">=0.54.8",
        "sugarss": "^5.0.0",
        "terser": "^5.16.0",
        "tsx": "^4.8.1",
        "yaml": "^2.4.2"
      },
      "peerDependenciesMeta": {
        "@types/node": {
          "optional": true
        },
        "@vitejs/devtools": {
          "optional": true
        },
        "esbuild": {
          "optional": true
        },
        "jiti": {
          "optional": true
        },
        "less": {
          "optional": true
        },
        "sass": {
          "optional": true
        },
        "sass-embedded": {
          "optional": true
        },
        "stylus": {
          "optional": true
        },
        "sugarss": {
          "optional": true
        },
        "terser": {
          "optional": true
        },
        "tsx": {
          "optional": true
        },
        "yaml": {
          "optional": true
        }
      }
    },
    "node_modules/vscode-uri": {
      "version": "3.2.0",
      "dev": true,
      "license": "MIT"
    },
    "node_modules/vue": {
      "version": "3.5.41",
      "license": "MIT",
      "dependencies": {
        "@vue/compiler-dom": "3.5.41",
        "@vue/compiler-sfc": "3.5.41",
        "@vue/runtime-dom": "3.5.41",
        "@vue/server-renderer": "3.5.41",
        "@vue/shared": "3.5.41"
      },
      "peerDependencies": {
        "typescript": "*"
      },
      "peerDependenciesMeta": {
        "typescript": {
          "optional": true
        }
      }
    },
    "node_modules/vue-demi": {
      "version": "0.14.10",
      "hasInstallScript": true,
      "license": "MIT",
      "bin": {
        "vue-demi-fix": "bin/vue-demi-fix.js",
        "vue-demi-switch": "bin/vue-demi-switch.js"
      },
      "engines": {
        "node": ">=12"
      },
      "funding": {
        "url": "https://github.com/sponsors/antfu"
      },
      "peerDependencies": {
        "@vue/composition-api": "^1.0.0-rc.1",
        "vue": "^3.0.0-0 || ^2.6.0"
      },
      "peerDependenciesMeta": {
        "@vue/composition-api": {
          "optional": true
        }
      }
    },
    "node_modules/vue-tsc": {
      "version": "3.3.11",
      "dev": true,
      "license": "MIT",
      "dependencies": {
        "@volar/typescript": "2.4.28",
        "@vue/language-core": "3.3.11"
      },
      "bin": {
        "vue-tsc": "bin/vue-tsc.js"
      },
      "peerDependencies": {
        "typescript": ">=5.0.0"
      }
    }
  }
}
